
Microsoft Visual Studio Solution File, Format Version 12.00
# Visual Studio Version 16
VisualStudioVersion = 16.0.30621.155
MinimumVisualStudioVersion = 10.0.40219.1
Project("{9A19103F-16F7-4668-BE54-9A1E7A4F7556}") = "S3-ASA", "S3-ASA\S3-ASA.csproj", "{1CB15EC7-9A55-41D7-9EB5-163FAC1F888E}"
EndProject
Project("{9A19103F-16F7-4668-BE54-9A1E7A4F7556}") = "S3-Client", "S3-Client\S3-Client.csproj", "{AFD79882-8790-4A75-BE33-34707CAD1488}"
EndProject
Global
	GlobalSection(SolutionConfigurationPlatforms) = preSolution
		Debug|Any CPU = Debug|Any CPU
		Release|Any CPU = Release|Any CPU
	EndGlobalSection
	GlobalSection(ProjectConfigurationPlatforms) = postSolution
		{1CB15EC7-9A55-41D7-9EB5-163FAC1F888E}.Debug|Any CPU.ActiveCfg = Debug|Any CPU
		{1CB15EC7-9A55-41D7-9EB5-163FAC1F888E}.Debug|Any CPU.Build.0 = Debug|Any CPU
		{1CB15EC7-9A55-41D7-9EB5-163FAC1F888E}.Release|Any CPU.ActiveCfg = Release|Any CPU
		{1CB15EC7-9A55-41D7-9EB5-163FAC1F888E}.Release|Any CPU.Build.0 = Release|Any CPU
		{AFD79882-8790-4A75-BE33-34707CAD1488}.Debug|Any CPU.ActiveCfg = Debug|Any CPU
		{AFD79882-8790-4A75-BE33-34707CAD1488}.Debug|Any CPU.Build.0 = Debug|Any CPU
		{AFD79882-8790-4A75-BE33-34707CAD1488}.Release|Any CPU.ActiveCfg = Release|Any CPU
		{AFD79882-8790-4A75-BE33-34707CAD1488}.Release|Any CPU.Build.0 = Release|Any CPU
	EndGlobalSection
	GlobalSection(SolutionProperties) = preSolution
		HideSolutionNode = FALSE
	EndGlobalSection
	GlobalSection(ExtensibilityGlobals) = postSolution
		SolutionGuid = {4305CF35-8F8C-4916-AE2C-C9DA5645D34A}
	EndGlobalSection
EndGlobal
